<?xml version="1.0" encoding="utf-8"?>
<Project ToolsVersion="4.0" xmlns="http://schemas.microsoft.com/developer/msbuild/2003">
  <ItemGroup>
    <Filter Include="Precompiled">
      <UniqueIdentifier>{c54e400a-0b22-4fb9-ad4a-68aaa9abc7ca}</UniqueIdentifier>
    </Filter>
    <Filter Include="Game">
      <UniqueIdentifier>{d6a6b6cd-f9a5-4355-88ae-c73c49b1ecae}</UniqueIdentifier>
    </Filter>
    <Filter Include="Game\Levels">
      <UniqueIdentifier>{eb42e325-6dc2-4ec9-a38c-fed4827f3174}</UniqueIdentifier>
    </Filter>
    <Filter Include="Game\Behaviors">
      <UniqueIdentifier>{30b4313e-2f34-40ba-9613-d250bab122eb}</UniqueIdentifier>
    </Filter>
    <Filter Include="Game\Abilities">
      <UniqueIdentifier>{392d8479-7ce2-4b88-bcff-56c4d35d750d}</UniqueIdentifier>
    </Filter>
  </ItemGroup>
  <ItemGroup>
    <ClCompile Include="Source\stdafx.cpp">
      <Filter>Precompiled</Filter>
    </ClCompile>
    <ClCompile Include="Source\PlayerShip.cpp">
      <Filter>Game\Behaviors</Filter>
    </ClCompile>
    <ClCompile Include="Source\TimedDeath.cpp">
      <Filter>Game\Behaviors</Filter>
    </ClCompile>
    <ClCompile Include="Source\Archetypes.cpp">
      <Filter>Game</Filter>
    </ClCompile>
    <ClCompile Include="Source\ColorChange.cpp">
      <Filter>Game\Behaviors</Filter>
    </ClCompile>
    <ClCompile Include="Source\ScreenWrap.cpp">
      <Filter>Game\Behaviors</Filter>
    </ClCompile>
    <ClCompile Include="Source\MonkeyAnimation.cpp">
      <Filter>Game\Behaviors</Filter>
    </ClCompile>
    <ClCompile Include="Source\Main.cpp" />
    <ClCompile Include="Source\PlayerMovement.cpp">
      <Filter>Game\Behaviors</Filter>
    </ClCompile>
    <ClCompile Include="Source\Level1.cpp">
      <Filter>Game\Levels</Filter>
    </ClCompile>
    <ClCompile Include="Source\CameraFollow.cpp">
      <Filter>Game\Behaviors</Filter>
    </ClCompile>
    <ClCompile Include="Source\ChipCollectible.cpp">
      <Filter>Game\Behaviors</Filter>
    </ClCompile>
    <ClCompile Include="Source\DimensionController.cpp">
      <Filter>Game\Behaviors</Filter>
    </ClCompile>
    <ClCompile Include="Source\Hazard.cpp">
      <Filter>Game\Behaviors</Filter>
    </ClCompile>
    <ClCompile Include="Source\LevelSelect.cpp">
      <Filter>Game\Levels</Filter>
    </ClCompile>
    <ClCompile Include="Source\Button.cpp">
      <Filter>Game\Behaviors</Filter>
    </ClCompile>
    <ClCompile Include="Source\MainMenu.cpp">
      <Filter>Game\Levels</Filter>
    </ClCompile>
    <ClCompile Include="Source\Controls.cpp">
      <Filter>Game\Levels</Filter>
    </ClCompile>
    <ClCompile Include="Source\Credit.cpp">
      <Filter>Game\Levels</Filter>
    </ClCompile>
    <ClCompile Include="Source\AbilityHolder.cpp">
      <Filter>Game\Behaviors</Filter>
    </ClCompile>
    <ClCompile Include="Source\Ability.cpp">
      <Filter>Game\Abilities</Filter>
    </ClCompile>
    <ClCompile Include="Source\ProximityMine.cpp">
      <Filter>Game\Abilities</Filter>
    </ClCompile>
  </ItemGroup>
  <ItemGroup>
    <ClInclude Include="Source\stdafx.h">
      <Filter>Precompiled</Filter>
    </ClInclude>
    <ClInclude Include="Source\PlayerShip.h">
      <Filter>Game\Behaviors</Filter>
    </ClInclude>
    <ClInclude Include="Source\TimedDeath.h">
      <Filter>Game\Behaviors</Filter>
    </ClInclude>
    <ClInclude Include="Source\Archetypes.h">
      <Filter>Game</Filter>
    </ClInclude>
    <ClInclude Include="Source\ColorChange.h">
      <Filter>Game\Behaviors</Filter>
    </ClInclude>
    <ClInclude Include="Source\ScreenWrap.h">
      <Filter>Game\Behaviors</Filter>
    </ClInclude>
    <ClInclude Include="Source\MonkeyAnimation.h">
      <Filter>Game\Behaviors</Filter>
    </ClInclude>
    <ClInclude Include="Source\PlayerMovement.h">
      <Filter>Game\Behaviors</Filter>
    </ClInclude>
    <ClInclude Include="Source\Level1.h">
      <Filter>Game\Levels</Filter>
    </ClInclude>
    <ClInclude Include="Source\CameraFollow.h">
      <Filter>Game\Behaviors</Filter>
    </ClInclude>
    <ClInclude Include="Source\ChipCollectible.h">
      <Filter>Game\Behaviors</Filter>
    </ClInclude>
    <ClInclude Include="Source\DimensionController.h">
      <Filter>Game\Behaviors</Filter>
    </ClInclude>
    <ClInclude Include="Source\Hazard.h">
      <Filter>Game\Behaviors</Filter>
    </ClInclude>
    <ClInclude Include="Source\LevelSelect.h">
      <Filter>Game\Levels</Filter>
    </ClInclude>
    <ClInclude Include="Source\Button.h">
      <Filter>Game\Behaviors</Filter>
    </ClInclude>
    <ClInclude Include="Source\MainMenu.h">
      <Filter>Game\Levels</Filter>
    </ClInclude>
    <ClInclude Include="Source\Controls.h">
      <Filter>Game\Levels</Filter>
    </ClInclude>
    <ClInclude Include="Source\Credit.h">
      <Filter>Game\Levels</Filter>
    </ClInclude>
    <ClInclude Include="Source\AbilityHolder.h">
      <Filter>Game\Behaviors</Filter>
    </ClInclude>
    <ClInclude Include="Source\Ability.h">
      <Filter>Game\Abilities</Filter>
    </ClInclude>
    <ClInclude Include="Source\ProximityMine.h">
      <Filter>Game\Abilities</Filter>
    </ClInclude>
  </ItemGroup>
</Project>